
Microsoft Visual Studio Solution File, Format Version 12.00
# Visual Studio Version 17
VisualStudioVersion = 17.3.32929.385
MinimumVisualStudioVersion = 10.0.40219.1
Project("{FAE04EC0-301F-11D3-BF4B-00C04F79EFBC}") = "Blitz.DataAccess", "Blitz.DataAccess\Blitz.DataAccess.csproj", "{0B2CC036-EB8C-4685-9BF3-A7BF4CD44EC1}"
EndProject
Project("{9A19103F-16F7-4668-BE54-9A1E7A4F7556}") = "Blitz.Api", "Blitz.Api\Blitz.Api.csproj", "{DFCCCC97-3C71-48A6-BAF1-112AEEF875B3}"
EndProject
Project("{FAE04EC0-301F-11D3-BF4B-00C04F79EFBC}") = "Blitz.Models", "Blitz.Models\Blitz.Models.csproj", "{1BFE4C73-1166-4F66-B036-21EA1671F695}"
EndProject
Project("{FAE04EC0-301F-11D3-BF4B-00C04F79EFBC}") = "BlitzCommon", "BlitzCommon\BlitzCommon.csproj", "{7168924D-62A1-45E1-BCE8-8FB34CE378A0}"
EndProject
Global
	GlobalSection(SolutionConfigurationPlatforms) = preSolution
		Debug|Any CPU = Debug|Any CPU
		Release|Any CPU = Release|Any CPU
	EndGlobalSection
	GlobalSection(ProjectConfigurationPlatforms) = postSolution
		{0B2CC036-EB8C-4685-9BF3-A7BF4CD44EC1}.Debug|Any CPU.ActiveCfg = Debug|Any CPU
		{0B2CC036-EB8C-4685-9BF3-A7BF4CD44EC1}.Debug|Any CPU.Build.0 = Debug|Any CPU
		{0B2CC036-EB8C-4685-9BF3-A7BF4CD44EC1}.Release|Any CPU.ActiveCfg = Release|Any CPU
		{0B2CC036-EB8C-4685-9BF3-A7BF4CD44EC1}.Release|Any CPU.Build.0 = Release|Any CPU
		{DFCCCC97-3C71-48A6-BAF1-112AEEF875B3}.Debug|Any CPU.ActiveCfg = Debug|Any CPU
		{DFCCCC97-3C71-48A6-BAF1-112AEEF875B3}.Debug|Any CPU.Build.0 = Debug|Any CPU
		{DFCCCC97-3C71-48A6-BAF1-112AEEF875B3}.Release|Any CPU.ActiveCfg = Release|Any CPU
		{DFCCCC97-3C71-48A6-BAF1-112AEEF875B3}.Release|Any CPU.Build.0 = Release|Any CPU
		{1BFE4C73-1166-4F66-B036-21EA1671F695}.Debug|Any CPU.ActiveCfg = Debug|Any CPU
		{1BFE4C73-1166-4F66-B036-21EA1671F695}.Debug|Any CPU.Build.0 = Debug|Any CPU
		{1BFE4C73-1166-4F66-B036-21EA1671F695}.Release|Any CPU.ActiveCfg = Release|Any CPU
		{1BFE4C73-1166-4F66-B036-21EA1671F695}.Release|Any CPU.Build.0 = Release|Any CPU
		{7168924D-62A1-45E1-BCE8-8FB34CE378A0}.Debug|Any CPU.ActiveCfg = Debug|Any CPU
		{7168924D-62A1-45E1-BCE8-8FB34CE378A0}.Debug|Any CPU.Build.0 = Debug|Any CPU
		{7168924D-62A1-45E1-BCE8-8FB34CE378A0}.Release|Any CPU.ActiveCfg = Release|Any CPU
		{7168924D-62A1-45E1-BCE8-8FB34CE378A0}.Release|Any CPU.Build.0 = Release|Any CPU
	EndGlobalSection
	GlobalSection(SolutionProperties) = preSolution
		HideSolutionNode = FALSE
	EndGlobalSection
	GlobalSection(ExtensibilityGlobals) = postSolution
		SolutionGuid = {E1A2E4EE-E3F2-4359-B187-ED838195C96B}
	EndGlobalSection
EndGlobal
